
Microsoft Visual Studio Solution File, Format Version 12.00
# Visual Studio Version 17
VisualStudioVersion = 17.13.35931.197 d17.13
MinimumVisualStudioVersion = 10.0.40219.1
Project("{FAE04EC0-301F-11D3-BF4B-00C04F79EFBC}") = "MGMod", "MGMod\MGMod.csproj", "{159477C9-5D63-46B2-8C64-C1FACA132C7E}"
EndProject
Global
	GlobalSection(SolutionConfigurationPlatforms) = preSolution
		Debug|Any CPU = Debug|Any CPU
		Release|Any CPU = Release|Any CPU
	EndGlobalSection
	GlobalSection(ProjectConfigurationPlatforms) = postSolution
		{159477C9-5D63-46B2-8C64-C1FACA132C7E}.Debug|Any CPU.ActiveCfg = Debug|Any CPU
		{159477C9-5D63-46B2-8C64-C1FACA132C7E}.Debug|Any CPU.Build.0 = Debug|Any CPU
		{159477C9-5D63-46B2-8C64-C1FACA132C7E}.Release|Any CPU.ActiveCfg = Release|Any CPU
		{159477C9-5D63-46B2-8C64-C1FACA132C7E}.Release|Any CPU.Build.0 = Release|Any CPU
	EndGlobalSection
	GlobalSection(SolutionProperties) = preSolution
		HideSolutionNode = FALSE
	EndGlobalSection
	GlobalSection(ExtensibilityGlobals) = postSolution
		SolutionGuid = {0F2B2EBA-558A-4C57-A1C2-E2974A4A7DA4}
	EndGlobalSection
EndGlobal
